
Microsoft Visual Studio Solution File, Format Version 12.00
# Visual Studio 15
VisualStudioVersion = 15.0.28010.2046
MinimumVisualStudioVersion = 10.0.40219.1
Project("{FAE04EC0-301F-11D3-BF4B-00C04F79EFBC}") = "DEV_2", "DEV_2\DEV_2.csproj", "{2C5FBEB7-5123-4382-B3BE-15090475C611}"
EndProject
Global
	GlobalSection(SolutionConfigurationPlatforms) = preSolution
		Debug|Any CPU = Debug|Any CPU
		Release|Any CPU = Release|Any CPU
	EndGlobalSection
	GlobalSection(ProjectConfigurationPlatforms) = postSolution
		{2C5FBEB7-5123-4382-B3BE-15090475C611}.Debug|Any CPU.ActiveCfg = Debug|Any CPU
		{2C5FBEB7-5123-4382-B3BE-15090475C611}.Debug|Any CPU.Build.0 = Debug|Any CPU
		{2C5FBEB7-5123-4382-B3BE-15090475C611}.Release|Any CPU.ActiveCfg = Release|Any CPU
		{2C5FBEB7-5123-4382-B3BE-15090475C611}.Release|Any CPU.Build.0 = Release|Any CPU
	EndGlobalSection
	GlobalSection(SolutionProperties) = preSolution
		HideSolutionNode = FALSE
	EndGlobalSection
	GlobalSection(ExtensibilityGlobals) = postSolution
		SolutionGuid = {45EE9F6B-7967-470D-A506-EBC46A056763}
	EndGlobalSection
EndGlobal
